Microsoft Visual Studio Solution File, Format Version 11.00
# Visual Studio 2008

Project("{001CBC42-B9B5-C808-0D46-C253530CA7E8}") = "Pongagon 0.2.1", "Assembly-CSharp.csproj", "{049AB6FE-3B34-DA38-A047-987B5EAC91D2}"
EndProject
Project("{001CBC42-B9B5-C808-0D46-C253530CA7E8}") = "Pongagon 0.2.1", "Assembly-UnityScript.unityproj", "{14F415C8-7EB1-0075-806B-1C6266ADE64B}"
EndProject
Global
	GlobalSection(SolutionConfigurationPlatforms) = preSolution
		Debug|Any CPU = Debug|Any CPU
		Release|Any CPU = Release|Any CPU
	EndGlobalSection
	GlobalSection(ProjectConfigurationPlatforms) = postSolution
		{049AB6FE-3B34-DA38-A047-987B5EAC91D2}.Debug|Any CPU.ActiveCfg = Debug|Any CPU
		{049AB6FE-3B34-DA38-A047-987B5EAC91D2}.Debug|Any CPU.Build.0 = Debug|Any CPU
		{049AB6FE-3B34-DA38-A047-987B5EAC91D2}.Release|Any CPU.ActiveCfg = Release|Any CPU
		{049AB6FE-3B34-DA38-A047-987B5EAC91D2}.Release|Any CPU.Build.0 = Release|Any CPU
		{14F415C8-7EB1-0075-806B-1C6266ADE64B}.Debug|Any CPU.ActiveCfg = Debug|Any CPU
		{14F415C8-7EB1-0075-806B-1C6266ADE64B}.Debug|Any CPU.Build.0 = Debug|Any CPU
		{14F415C8-7EB1-0075-806B-1C6266ADE64B}.Release|Any CPU.ActiveCfg = Release|Any CPU
		{14F415C8-7EB1-0075-806B-1C6266ADE64B}.Release|Any CPU.Build.0 = Release|Any CPU
	EndGlobalSection
	GlobalSection(SolutionProperties) = preSolution
		HideSolutionNode = FALSE
	EndGlobalSection
		GlobalSection(MonoDevelopProperties) = preSolution
		StartupItem = Assembly-CSharp.csproj
		Policies = $0
		$0.TextStylePolicy = $1
		$1.inheritsSet = null
		$1.scope = text/x-csharp
		$0.CSharpFormattingPolicy = $2
		$2.inheritsSet = Mono
		$2.inheritsScope = text/x-csharp
		$2.scope = text/x-csharp
		$0.TextStylePolicy = $3
		$3.FileWidth = 120
		$3.TabWidth = 4
		$3.IndentWidth = 4
		$3.EolMarker = Unix
		$3.inheritsSet = Mono
		$3.inheritsScope = text/plain
		$3.scope = text/plain
	EndGlobalSection

EndGlobal
